
Microsoft Visual Studio Solution File, Format Version 12.00
# Visual Studio 15
VisualStudioVersion = 15.0.28010.2036
MinimumVisualStudioVersion = 10.0.40219.1
Project("{FAE04EC0-301F-11D3-BF4B-00C04F79EFBC}") = "TG.Controls.BarcodeScannerTextBox", "TG.Controls.BarcodeScannerTextBox\TG.Controls.BarcodeScannerTextBox.csproj", "{4602CA08-FB16-4030-9E4B-4D0EACFE62F6}"
EndProject
Global
	GlobalSection(SolutionConfigurationPlatforms) = preSolution
		Debug|Any CPU = Debug|Any CPU
		Release|Any CPU = Release|Any CPU
	EndGlobalSection
	GlobalSection(ProjectConfigurationPlatforms) = postSolution
		{4602CA08-FB16-4030-9E4B-4D0EACFE62F6}.Debug|Any CPU.ActiveCfg = Debug|Any CPU
		{4602CA08-FB16-4030-9E4B-4D0EACFE62F6}.Debug|Any CPU.Build.0 = Debug|Any CPU
		{4602CA08-FB16-4030-9E4B-4D0EACFE62F6}.Release|Any CPU.ActiveCfg = Release|Any CPU
		{4602CA08-FB16-4030-9E4B-4D0EACFE62F6}.Release|Any CPU.Build.0 = Release|Any CPU
	EndGlobalSection
	GlobalSection(SolutionProperties) = preSolution
		HideSolutionNode = FALSE
	EndGlobalSection
	GlobalSection(ExtensibilityGlobals) = postSolution
		SolutionGuid = {9489A63A-33E4-4F39-800E-8CC39D3F279B}
	EndGlobalSection
EndGlobal
